
Microsoft Visual Studio Solution File, Format Version 12.00
# Visual Studio 15
VisualStudioVersion = 15.0.26730.15
MinimumVisualStudioVersion = 10.0.40219.1
Project("{8BC9CEB8-8B4A-11D0-8D11-00A0C91BC942}") = "Project1", "Project1\Project1.vcxproj", "{193FDF43-60F4-4802-84E8-F246E993DADF}"
EndProject
Global
	GlobalSection(SolutionConfigurationPlatforms) = preSolution
		Debug|x64 = Debug|x64
		Debug|x86 = Debug|x86
		Release|x64 = Release|x64
		Release|x86 = Release|x86
	EndGlobalSection
	GlobalSection(ProjectConfigurationPlatforms) = postSolution
		{193FDF43-60F4-4802-84E8-F246E993DADF}.Debug|x64.ActiveCfg = Debug|x64
		{193FDF43-60F4-4802-84E8-F246E993DADF}.Debug|x64.Build.0 = Debug|x64
		{193FDF43-60F4-4802-84E8-F246E993DADF}.Debug|x86.ActiveCfg = Debug|Win32
		{193FDF43-60F4-4802-84E8-F246E993DADF}.Debug|x86.Build.0 = Debug|Win32
		{193FDF43-60F4-4802-84E8-F246E993DADF}.Release|x64.ActiveCfg = Release|x64
		{193FDF43-60F4-4802-84E8-F246E993DADF}.Release|x64.Build.0 = Release|x64
		{193FDF43-60F4-4802-84E8-F246E993DADF}.Release|x86.ActiveCfg = Release|Win32
		{193FDF43-60F4-4802-84E8-F246E993DADF}.Release|x86.Build.0 = Release|Win32
	EndGlobalSection
	GlobalSection(SolutionProperties) = preSolution
		HideSolutionNode = FALSE
	EndGlobalSection
	GlobalSection(ExtensibilityGlobals) = postSolution
		SolutionGuid = {00FA56F9-9918-4F7E-876E-B3CB550EB010}
	EndGlobalSection
EndGlobal
