
Microsoft Visual Studio Solution File, Format Version 12.00
# Visual Studio 15
VisualStudioVersion = 15.0.26730.15
MinimumVisualStudioVersion = 10.0.40219.1
Project("{8BC9CEB8-8B4A-11D0-8D11-00A0C91BC942}") = "HW5", "HW5\HW5.vcxproj", "{757FC35F-CA0B-4CF7-B5FE-EAD7B9A77741}"
EndProject
Global
	GlobalSection(SolutionConfigurationPlatforms) = preSolution
		Debug|x64 = Debug|x64
		Debug|x86 = Debug|x86
		Release|x64 = Release|x64
		Release|x86 = Release|x86
	EndGlobalSection
	GlobalSection(ProjectConfigurationPlatforms) = postSolution
		{757FC35F-CA0B-4CF7-B5FE-EAD7B9A77741}.Debug|x64.ActiveCfg = Debug|x64
		{757FC35F-CA0B-4CF7-B5FE-EAD7B9A77741}.Debug|x64.Build.0 = Debug|x64
		{757FC35F-CA0B-4CF7-B5FE-EAD7B9A77741}.Debug|x86.ActiveCfg = Debug|Win32
		{757FC35F-CA0B-4CF7-B5FE-EAD7B9A77741}.Debug|x86.Build.0 = Debug|Win32
		{757FC35F-CA0B-4CF7-B5FE-EAD7B9A77741}.Release|x64.ActiveCfg = Release|x64
		{757FC35F-CA0B-4CF7-B5FE-EAD7B9A77741}.Release|x64.Build.0 = Release|x64
		{757FC35F-CA0B-4CF7-B5FE-EAD7B9A77741}.Release|x86.ActiveCfg = Release|Win32
		{757FC35F-CA0B-4CF7-B5FE-EAD7B9A77741}.Release|x86.Build.0 = Release|Win32
	EndGlobalSection
	GlobalSection(SolutionProperties) = preSolution
		HideSolutionNode = FALSE
	EndGlobalSection
	GlobalSection(ExtensibilityGlobals) = postSolution
		SolutionGuid = {E645C2D3-5ADE-4A99-9F01-84B5E59E2F70}
	EndGlobalSection
EndGlobal
